
Microsoft Visual Studio Solution File, Format Version 12.00
# Visual Studio Version 17
VisualStudioVersion = 17.13.35507.96
MinimumVisualStudioVersion = 10.0.40219.1
Project("{2150E333-8FDC-42A3-9474-1A3956D46DE8}") = "src", "src", "{827E0CD3-B72D-47B6-A68D-7590B98EB39B}"
EndProject
Project("{FAE04EC0-301F-11D3-BF4B-00C04F79EFBC}") = "UnicodeInputExtension", "src\CmdPal\UnicodeInputExtension.csproj", "{79F86DE5-70B1-4EC1-9832-DF428B55E466}"
EndProject
Project("{9A19103F-16F7-4668-BE54-9A1E7A4F7556}") = "Community.PowerToys.Run.Plugin.UnicodeInput", "src/PTRun/Community.PowerToys.Run.Plugin.UnicodeInput/Community.PowerToys.Run.Plugin.UnicodeInput.csproj", "{288BAC19-8B63-44DA-86E4-8DD6C6BE29D3}"
EndProject
Project("{FAE04EC0-301F-11D3-BF4B-00C04F79EFBC}") = "Community.PowerToys.Run.Plugin.UnicodeInput.Tests", "src/PTRun/Community.PowerToys.Run.Plugin.UnicodeInput.Tests/Community.PowerToys.Run.Plugin.UnicodeInput.Tests.csproj", "{1D088EF7-057C-4EE3-9059-45B49D03CBEB}"
EndProject
Project("{2150E333-8FDC-42A3-9474-1A3956D46DE8}") = "UnicodeInputCore", "UnicodeInputCore", "{22898A51-94C7-D41C-9944-F11884E84E3F}"
EndProject
Project("{FAE04EC0-301F-11D3-BF4B-00C04F79EFBC}") = "UnicodeInput.Core", "src\UnicodeInputCore\UnicodeInput.Core.csproj", "{18423CA8-F477-4AB3-A459-FBAF47BBAFDA}"
EndProject
Project("{2150E333-8FDC-42A3-9474-1A3956D46DE8}") = "CmdPal", "CmdPal", "{3CA410A6-A8E9-1645-E5A8-828CCC76D4BD}"
EndProject
Project("{2150E333-8FDC-42A3-9474-1A3956D46DE8}") = "PTRun", "PTRun", "{3E0CF43B-F15A-76DA-BC48-C5196831FC68}"
EndProject
Project("{FAE04EC0-301F-11D3-BF4B-00C04F79EFBC}") = "Community.PowerToys.Run.Plugin.UnicodeInput", "src\PTRun\Community.PowerToys.Run.Plugin.UnicodeInput\Community.PowerToys.Run.Plugin.UnicodeInput.csproj", "{F887B945-4CFE-4CAD-B972-184D1257C63F}"
EndProject
Project("{FAE04EC0-301F-11D3-BF4B-00C04F79EFBC}") = "Community.PowerToys.Run.Plugin.UnicodeInput.Tests", "src\PTRun\Community.PowerToys.Run.Plugin.UnicodeInput.Tests\Community.PowerToys.Run.Plugin.UnicodeInput.Tests.csproj", "{6EB75A93-A511-45C7-8117-BFD20C3FA1EC}"
EndProject
Global
	GlobalSection(SolutionConfigurationPlatforms) = preSolution
		Debug|ARM64 = Debug|ARM64
		Debug|x64 = Debug|x64
		Debug|x86 = Debug|x86
		Debug|Any CPU = Debug|Any CPU
		Release|ARM64 = Release|ARM64
		Release|x64 = Release|x64
		Release|x86 = Release|x86
		Release|Any CPU = Release|Any CPU
	EndGlobalSection
	GlobalSection(ProjectConfigurationPlatforms) = postSolution
		{79F86DE5-70B1-4EC1-9832-DF428B55E466}.Debug|ARM64.ActiveCfg = Debug|ARM64
		{79F86DE5-70B1-4EC1-9832-DF428B55E466}.Debug|ARM64.Build.0 = Debug|ARM64
		{79F86DE5-70B1-4EC1-9832-DF428B55E466}.Debug|ARM64.Deploy.0 = Debug|ARM64
		{79F86DE5-70B1-4EC1-9832-DF428B55E466}.Debug|x64.ActiveCfg = Debug|x64
		{79F86DE5-70B1-4EC1-9832-DF428B55E466}.Debug|x64.Build.0 = Debug|x64
		{79F86DE5-70B1-4EC1-9832-DF428B55E466}.Debug|x64.Deploy.0 = Debug|x64
		{79F86DE5-70B1-4EC1-9832-DF428B55E466}.Debug|x86.ActiveCfg = Debug|x86
		{79F86DE5-70B1-4EC1-9832-DF428B55E466}.Debug|x86.Build.0 = Debug|x86
		{79F86DE5-70B1-4EC1-9832-DF428B55E466}.Debug|x86.Deploy.0 = Debug|x86
		{79F86DE5-70B1-4EC1-9832-DF428B55E466}.Debug|Any CPU.ActiveCfg = Debug|Any CPU
		{79F86DE5-70B1-4EC1-9832-DF428B55E466}.Debug|Any CPU.Build.0 = Debug|Any CPU
		{79F86DE5-70B1-4EC1-9832-DF428B55E466}.Release|ARM64.ActiveCfg = Release|ARM64
		{79F86DE5-70B1-4EC1-9832-DF428B55E466}.Release|ARM64.Build.0 = Release|ARM64
		{79F86DE5-70B1-4EC1-9832-DF428B55E466}.Release|ARM64.Deploy.0 = Release|ARM64
		{79F86DE5-70B1-4EC1-9832-DF428B55E466}.Release|x64.ActiveCfg = Release|x64
		{79F86DE5-70B1-4EC1-9832-DF428B55E466}.Release|x64.Build.0 = Release|x64
		{79F86DE5-70B1-4EC1-9832-DF428B55E466}.Release|x64.Deploy.0 = Release|x64
		{79F86DE5-70B1-4EC1-9832-DF428B55E466}.Release|x86.ActiveCfg = Release|x86
		{79F86DE5-70B1-4EC1-9832-DF428B55E466}.Release|x86.Build.0 = Release|x86
		{79F86DE5-70B1-4EC1-9832-DF428B55E466}.Release|x86.Deploy.0 = Release|x86
		{79F86DE5-70B1-4EC1-9832-DF428B55E466}.Release|Any CPU.ActiveCfg = Release|Any CPU
		{79F86DE5-70B1-4EC1-9832-DF428B55E466}.Release|Any CPU.Build.0 = Release|Any CPU
		{288BAC19-8B63-44DA-86E4-8DD6C6BE29D3}.Debug|ARM64.ActiveCfg = Debug|ARM64
		{288BAC19-8B63-44DA-86E4-8DD6C6BE29D3}.Debug|ARM64.Build.0 = Debug|ARM64
		{288BAC19-8B63-44DA-86E4-8DD6C6BE29D3}.Debug|x64.ActiveCfg = Debug|x64
		{288BAC19-8B63-44DA-86E4-8DD6C6BE29D3}.Debug|x64.Build.0 = Debug|x64
		{288BAC19-8B63-44DA-86E4-8DD6C6BE29D3}.Debug|Any CPU.ActiveCfg = Debug|x64
		{288BAC19-8B63-44DA-86E4-8DD6C6BE29D3}.Debug|Any CPU.Build.0 = Debug|x64
		{288BAC19-8B63-44DA-86E4-8DD6C6BE29D3}.Release|ARM64.ActiveCfg = Release|ARM64
		{288BAC19-8B63-44DA-86E4-8DD6C6BE29D3}.Release|ARM64.Build.0 = Release|ARM64
		{288BAC19-8B63-44DA-86E4-8DD6C6BE29D3}.Release|x64.ActiveCfg = Release|x64
		{288BAC19-8B63-44DA-86E4-8DD6C6BE29D3}.Release|x64.Build.0 = Release|x64
		{288BAC19-8B63-44DA-86E4-8DD6C6BE29D3}.Release|Any CPU.ActiveCfg = Release|x64
		{288BAC19-8B63-44DA-86E4-8DD6C6BE29D3}.Release|Any CPU.Build.0 = Release|x64
		{1D088EF7-057C-4EE3-9059-45B49D03CBEB}.Debug|ARM64.ActiveCfg = Debug|Any CPU
		{1D088EF7-057C-4EE3-9059-45B49D03CBEB}.Debug|ARM64.Build.0 = Debug|Any CPU
		{1D088EF7-057C-4EE3-9059-45B49D03CBEB}.Debug|x64.ActiveCfg = Debug|Any CPU
		{1D088EF7-057C-4EE3-9059-45B49D03CBEB}.Debug|x64.Build.0 = Debug|Any CPU
		{1D088EF7-057C-4EE3-9059-45B49D03CBEB}.Debug|Any CPU.ActiveCfg = Debug|Any CPU
		{1D088EF7-057C-4EE3-9059-45B49D03CBEB}.Debug|Any CPU.Build.0 = Debug|Any CPU
		{1D088EF7-057C-4EE3-9059-45B49D03CBEB}.Release|ARM64.ActiveCfg = Release|Any CPU
		{1D088EF7-057C-4EE3-9059-45B49D03CBEB}.Release|ARM64.Build.0 = Release|Any CPU
		{1D088EF7-057C-4EE3-9059-45B49D03CBEB}.Release|x64.ActiveCfg = Release|Any CPU
		{1D088EF7-057C-4EE3-9059-45B49D03CBEB}.Release|x64.Build.0 = Release|Any CPU
		{1D088EF7-057C-4EE3-9059-45B49D03CBEB}.Release|Any CPU.ActiveCfg = Release|Any CPU
		{1D088EF7-057C-4EE3-9059-45B49D03CBEB}.Release|Any CPU.Build.0 = Release|Any CPU
		{18423CA8-F477-4AB3-A459-FBAF47BBAFDA}.Debug|ARM64.ActiveCfg = Debug|ARM64
		{18423CA8-F477-4AB3-A459-FBAF47BBAFDA}.Debug|ARM64.Build.0 = Debug|ARM64
		{18423CA8-F477-4AB3-A459-FBAF47BBAFDA}.Debug|x64.ActiveCfg = Debug|x64
		{18423CA8-F477-4AB3-A459-FBAF47BBAFDA}.Debug|x64.Build.0 = Debug|x64
		{18423CA8-F477-4AB3-A459-FBAF47BBAFDA}.Debug|x86.ActiveCfg = Debug|x64
		{18423CA8-F477-4AB3-A459-FBAF47BBAFDA}.Debug|x86.Build.0 = Debug|x64
		{18423CA8-F477-4AB3-A459-FBAF47BBAFDA}.Debug|Any CPU.ActiveCfg = Debug|x64
		{18423CA8-F477-4AB3-A459-FBAF47BBAFDA}.Debug|Any CPU.Build.0 = Debug|x64
		{18423CA8-F477-4AB3-A459-FBAF47BBAFDA}.Release|ARM64.ActiveCfg = Release|ARM64
		{18423CA8-F477-4AB3-A459-FBAF47BBAFDA}.Release|ARM64.Build.0 = Release|ARM64
		{18423CA8-F477-4AB3-A459-FBAF47BBAFDA}.Release|x64.ActiveCfg = Release|x64
		{18423CA8-F477-4AB3-A459-FBAF47BBAFDA}.Release|x64.Build.0 = Release|x64
		{18423CA8-F477-4AB3-A459-FBAF47BBAFDA}.Release|x86.ActiveCfg = Release|x64
		{18423CA8-F477-4AB3-A459-FBAF47BBAFDA}.Release|x86.Build.0 = Release|x64
		{18423CA8-F477-4AB3-A459-FBAF47BBAFDA}.Release|Any CPU.ActiveCfg = Release|x64
		{18423CA8-F477-4AB3-A459-FBAF47BBAFDA}.Release|Any CPU.Build.0 = Release|x64
		{F887B945-4CFE-4CAD-B972-184D1257C63F}.Debug|ARM64.ActiveCfg = Debug|ARM64
		{F887B945-4CFE-4CAD-B972-184D1257C63F}.Debug|ARM64.Build.0 = Debug|ARM64
		{F887B945-4CFE-4CAD-B972-184D1257C63F}.Debug|x64.ActiveCfg = Debug|x64
		{F887B945-4CFE-4CAD-B972-184D1257C63F}.Debug|x64.Build.0 = Debug|x64
		{F887B945-4CFE-4CAD-B972-184D1257C63F}.Debug|x86.ActiveCfg = Debug|x64
		{F887B945-4CFE-4CAD-B972-184D1257C63F}.Debug|x86.Build.0 = Debug|x64
		{F887B945-4CFE-4CAD-B972-184D1257C63F}.Debug|Any CPU.ActiveCfg = Debug|x64
		{F887B945-4CFE-4CAD-B972-184D1257C63F}.Debug|Any CPU.Build.0 = Debug|x64
		{F887B945-4CFE-4CAD-B972-184D1257C63F}.Release|ARM64.ActiveCfg = Release|ARM64
		{F887B945-4CFE-4CAD-B972-184D1257C63F}.Release|ARM64.Build.0 = Release|ARM64
		{F887B945-4CFE-4CAD-B972-184D1257C63F}.Release|x64.ActiveCfg = Release|x64
		{F887B945-4CFE-4CAD-B972-184D1257C63F}.Release|x64.Build.0 = Release|x64
		{F887B945-4CFE-4CAD-B972-184D1257C63F}.Release|x86.ActiveCfg = Release|x64
		{F887B945-4CFE-4CAD-B972-184D1257C63F}.Release|x86.Build.0 = Release|x64
		{F887B945-4CFE-4CAD-B972-184D1257C63F}.Release|Any CPU.ActiveCfg = Release|x64
		{F887B945-4CFE-4CAD-B972-184D1257C63F}.Release|Any CPU.Build.0 = Release|x64
		{6EB75A93-A511-45C7-8117-BFD20C3FA1EC}.Debug|ARM64.ActiveCfg = Debug|ARM64
		{6EB75A93-A511-45C7-8117-BFD20C3FA1EC}.Debug|ARM64.Build.0 = Debug|ARM64
		{6EB75A93-A511-45C7-8117-BFD20C3FA1EC}.Debug|x64.ActiveCfg = Debug|x64
		{6EB75A93-A511-45C7-8117-BFD20C3FA1EC}.Debug|x64.Build.0 = Debug|x64
		{6EB75A93-A511-45C7-8117-BFD20C3FA1EC}.Debug|x86.ActiveCfg = Debug|x64
		{6EB75A93-A511-45C7-8117-BFD20C3FA1EC}.Debug|x86.Build.0 = Debug|x64
		{6EB75A93-A511-45C7-8117-BFD20C3FA1EC}.Debug|Any CPU.ActiveCfg = Debug|x64
		{6EB75A93-A511-45C7-8117-BFD20C3FA1EC}.Debug|Any CPU.Build.0 = Debug|x64
		{6EB75A93-A511-45C7-8117-BFD20C3FA1EC}.Release|ARM64.ActiveCfg = Release|ARM64
		{6EB75A93-A511-45C7-8117-BFD20C3FA1EC}.Release|ARM64.Build.0 = Release|ARM64
		{6EB75A93-A511-45C7-8117-BFD20C3FA1EC}.Release|x64.ActiveCfg = Release|x64
		{6EB75A93-A511-45C7-8117-BFD20C3FA1EC}.Release|x64.Build.0 = Release|x64
		{6EB75A93-A511-45C7-8117-BFD20C3FA1EC}.Release|x86.ActiveCfg = Release|x64
		{6EB75A93-A511-45C7-8117-BFD20C3FA1EC}.Release|x86.Build.0 = Release|x64
		{6EB75A93-A511-45C7-8117-BFD20C3FA1EC}.Release|Any CPU.ActiveCfg = Release|x64
		{6EB75A93-A511-45C7-8117-BFD20C3FA1EC}.Release|Any CPU.Build.0 = Release|x64
	EndGlobalSection
	GlobalSection(SolutionProperties) = preSolution
		HideSolutionNode = FALSE
	EndGlobalSection
	GlobalSection(NestedProjects) = preSolution
		{22898A51-94C7-D41C-9944-F11884E84E3F} = {827E0CD3-B72D-47B6-A68D-7590B98EB39B}
		{18423CA8-F477-4AB3-A459-FBAF47BBAFDA} = {22898A51-94C7-D41C-9944-F11884E84E3F}
		{3CA410A6-A8E9-1645-E5A8-828CCC76D4BD} = {827E0CD3-B72D-47B6-A68D-7590B98EB39B}
		{3E0CF43B-F15A-76DA-BC48-C5196831FC68} = {827E0CD3-B72D-47B6-A68D-7590B98EB39B}
		{F887B945-4CFE-4CAD-B972-184D1257C63F} = {3E0CF43B-F15A-76DA-BC48-C5196831FC68}
		{6EB75A93-A511-45C7-8117-BFD20C3FA1EC} = {3E0CF43B-F15A-76DA-BC48-C5196831FC68}
	EndGlobalSection
	GlobalSection(ExtensibilityGlobals) = postSolution
		SolutionGuid = {CEDBC581-5818-4350-BC8A-A1ECE687D357}
	EndGlobalSection
EndGlobal
